
Microsoft Visual Studio Solution File, Format Version 12.00
# Visual Studio Version 17
VisualStudioVersion = 17.3.32929.385
MinimumVisualStudioVersion = 10.0.40219.1
Project("{FAE04EC0-301F-11D3-BF4B-00C04F79EFBC}") = "NewsApi", "NewsApi\NewsApi.csproj", "{7938BA78-BFE0-424A-8BBF-C638778F6B2E}"
EndProject
Global
	GlobalSection(SolutionConfigurationPlatforms) = preSolution
		Debug|Any CPU = Debug|Any CPU
		Release|Any CPU = Release|Any CPU
	EndGlobalSection
	GlobalSection(ProjectConfigurationPlatforms) = postSolution
		{7938BA78-BFE0-424A-8BBF-C638778F6B2E}.Debug|Any CPU.ActiveCfg = Debug|Any CPU
		{7938BA78-BFE0-424A-8BBF-C638778F6B2E}.Debug|Any CPU.Build.0 = Debug|Any CPU
		{7938BA78-BFE0-424A-8BBF-C638778F6B2E}.Release|Any CPU.ActiveCfg = Release|Any CPU
		{7938BA78-BFE0-424A-8BBF-C638778F6B2E}.Release|Any CPU.Build.0 = Release|Any CPU
	EndGlobalSection
	GlobalSection(SolutionProperties) = preSolution
		HideSolutionNode = FALSE
	EndGlobalSection
	GlobalSection(ExtensibilityGlobals) = postSolution
		SolutionGuid = {23ACF149-72A6-43BA-9E55-6A1401EB27D8}
	EndGlobalSection
EndGlobal
